// !$*UTF8*$!
{
	archiveVersion = 1;
	classes = {
	};
	objectVersion = 46;
	objects = {

/* Begin PBXBuildFile section */
		DC6B4A5D1DFD1B8E008E3DE1 /* AppDelegate.swift in Sources */ = {isa = PBXBuildFile; fileRef = DC6B4A5C1DFD1B8E008E3DE1 /* AppDelegate.swift */; };
		DC6B4A5F1DFD1B8E008E3DE1 /* ViewController.swift in Sources */ = {isa = PBXBuildFile; fileRef = DC6B4A5E1DFD1B8E008E3DE1 /* ViewController.swift */; };
		DC6B4A621DFD1B8E008E3DE1 /* Main.storyboard in Resources */ = {isa = PBXBuildFile; fileRef = DC6B4A601DFD1B8E008E3DE1 /* Main.storyboard */; };
		DC6B4A641DFD1B8E008E3DE1 /* Assets.xcassets in Resources */ = {isa = PBXBuildFile; fileRef = DC6B4A631DFD1B8E008E3DE1 /* Assets.xcassets */; };
		DC6B4A671DFD1B8E008E3DE1 /* LaunchScreen.storyboard in Resources */ = {isa = PBXBuildFile; fileRef = DC6B4A651DFD1B8E008E3DE1 /* LaunchScreen.storyboard */; };
		DC6B4A6F1DFD1BA4008E3DE1 /* TableViewHandler.swift in Sources */ = {isa = PBXBuildFile; fileRef = DC6B4A6E1DFD1BA4008E3DE1 /* TableViewHandler.swift */; };
		DC6B4A721DFD282F008E3DE1 /* ThreeLabelTableViewCell.swift in Sources */ = {isa = PBXBuildFile; fileRef = DC6B4A701DFD282F008E3DE1 /* ThreeLabelTableViewCell.swift */; };
		DC6B4A731DFD282F008E3DE1 /* ThreeLabelTableViewCell.xib in Resources */ = {isa = PBXBuildFile; fileRef = DC6B4A711DFD282F008E3DE1 /* ThreeLabelTableViewCell.xib */; };
		DCB7FA031DFEB2BB0073F18F /* Utilities.swift in Sources */ = {isa = PBXBuildFile; fileRef = DCB7FA021DFEB2BB0073F18F /* Utilities.swift */; };
		DCB7FA051DFEB2E20073F18F /* Decorators.swift in Sources */ = {isa = PBXBuildFile; fileRef = DCB7FA041DFEB2E20073F18F /* Decorators.swift */; };
		DCB7FA071DFEB3250073F18F /* Person.swift in Sources */ = {isa = PBXBuildFile; fileRef = DCB7FA061DFEB3250073F18F /* Person.swift */; };
		DCB7FA0B1DFEF3720073F18F /* .gitignore in Resources */ = {isa = PBXBuildFile; fileRef = DCB7FA0A1DFEF3720073F18F /* .gitignore */; };
/* End PBXBuildFile section */

/* Begin PBXFileReference section */
		DC6B4A591DFD1B8E008E3DE1 /* BasicTableViewDatasource.app */ = {isa = PBXFileReference; explicitFileType = wrapper.application; includeInIndex = 0; path = BasicTableViewDatasource.app; sourceTree = BUILT_PRODUCTS_DIR; };
		DC6B4A5C1DFD1B8E008E3DE1 /* AppDelegate.swift */ = {isa = PBXFileReference; lastKnownFileType = sourcecode.swift; path = AppDelegate.swift; sourceTree = "<group>"; };
		DC6B4A5E1DFD1B8E008E3DE1 /* ViewController.swift */ = {isa = PBXFileReference; lastKnownFileType = sourcecode.swift; path = ViewController.swift; sourceTree = "<group>"; };
		DC6B4A611DFD1B8E008E3DE1 /* Base */ = {isa = PBXFileReference; lastKnownFileType = file.storyboard; name = Base; path = Base.lproj/Main.storyboard; sourceTree = "<group>"; };
		DC6B4A631DFD1B8E008E3DE1 /* Assets.xcassets */ = {isa = PBXFileReference; lastKnownFileType = folder.assetcatalog; path = Assets.xcassets; sourceTree = "<group>"; };
		DC6B4A661DFD1B8E008E3DE1 /* Base */ = {isa = PBXFileReference; lastKnownFileType = file.storyboard; name = Base; path = Base.lproj/LaunchScreen.storyboard; sourceTree = "<group>"; };
		DC6B4A681DFD1B8E008E3DE1 /* Info.plist */ = {isa = PBXFileReference; lastKnownFileType = text.plist.xml; path = Info.plist; sourceTree = "<group>"; };
		DC6B4A6E1DFD1BA4008E3DE1 /* TableViewHandler.swift */ = {isa = PBXFileReference; fileEncoding = 4; lastKnownFileType = sourcecode.swift; path = TableViewHandler.swift; sourceTree = "<group>"; };
		DC6B4A701DFD282F008E3DE1 /* ThreeLabelTableViewCell.swift */ = {isa = PBXFileReference; fileEncoding = 4; lastKnownFileType = sourcecode.swift; path = ThreeLabelTableViewCell.swift; sourceTree = "<group>"; };
		DC6B4A711DFD282F008E3DE1 /* ThreeLabelTableViewCell.xib */ = {isa = PBXFileReference; fileEncoding = 4; lastKnownFileType = file.xib; path = ThreeLabelTableViewCell.xib; sourceTree = "<group>"; };
		DCB7FA021DFEB2BB0073F18F /* Utilities.swift */ = {isa = PBXFileReference; fileEncoding = 4; lastKnownFileType = sourcecode.swift; path = Utilities.swift; sourceTree = "<group>"; };
		DCB7FA041DFEB2E20073F18F /* Decorators.swift */ = {isa = PBXFileReference; fileEncoding = 4; lastKnownFileType = sourcecode.swift; path = Decorators.swift; sourceTree = "<group>"; };
		DCB7FA061DFEB3250073F18F /* Person.swift */ = {isa = PBXFileReference; fileEncoding = 4; lastKnownFileType = sourcecode.swift; path = Person.swift; sourceTree = "<group>"; };
		DCB7FA0A1DFEF3720073F18F /* .gitignore */ = {isa = PBXFileReference; fileEncoding = 4; lastKnownFileType = text; path = .gitignore; sourceTree = "<group>"; };
/* End PBXFileReference section */

/* Begin PBXFrameworksBuildPhase section */
		DC6B4A561DFD1B8E008E3DE1 /* Frameworks */ = {
			isa = PBXFrameworksBuildPhase;
			buildActionMask = 2147483647;
			files = (
			);
			runOnlyForDeploymentPostprocessing = 0;
		};
/* End PBXFrameworksBuildPhase section */

/* Begin PBXGroup section */
		DC6B4A501DFD1B8E008E3DE1 = {
			isa = PBXGroup;
			children = (
				DCB7FA0A1DFEF3720073F18F /* .gitignore */,
				DC6B4A5B1DFD1B8E008E3DE1 /* BasicTableViewDatasource */,
				DC6B4A5A1DFD1B8E008E3DE1 /* Products */,
			);
			sourceTree = "<group>";
		};
		DC6B4A5A1DFD1B8E008E3DE1 /* Products */ = {
			isa = PBXGroup;
			children = (
				DC6B4A591DFD1B8E008E3DE1 /* BasicTableViewDatasource.app */,
			);
			name = Products;
			sourceTree = "<group>";
		};
		DC6B4A5B1DFD1B8E008E3DE1 /* BasicTableViewDatasource */ = {
			isa = PBXGroup;
			children = (
				DC6B4A5C1DFD1B8E008E3DE1 /* AppDelegate.swift */,
				DC6B4A5E1DFD1B8E008E3DE1 /* ViewController.swift */,
				DCB7FA041DFEB2E20073F18F /* Decorators.swift */,
				DC6B4A6E1DFD1BA4008E3DE1 /* TableViewHandler.swift */,
				DC6B4A701DFD282F008E3DE1 /* ThreeLabelTableViewCell.swift */,
				DCB7FA021DFEB2BB0073F18F /* Utilities.swift */,
				DCB7FA061DFEB3250073F18F /* Person.swift */,
				DC6B4A711DFD282F008E3DE1 /* ThreeLabelTableViewCell.xib */,
				DC6B4A601DFD1B8E008E3DE1 /* Main.storyboard */,
				DC6B4A631DFD1B8E008E3DE1 /* Assets.xcassets */,
				DC6B4A651DFD1B8E008E3DE1 /* LaunchScreen.storyboard */,
				DC6B4A681DFD1B8E008E3DE1 /* Info.plist */,
			);
			path = BasicTableViewDatasource;
			sourceTree = "<group>";
		};
/* End PBXGroup section */

/* Begin PBXNativeTarget section */
		DC6B4A581DFD1B8E008E3DE1 /* BasicTableViewDatasource */ = {
			isa = PBXNativeTarget;
			buildConfigurationList = DC6B4A6B1DFD1B8E008E3DE1 /* Build configuration list for PBXNativeTarget "BasicTableViewDatasource" */;
			buildPhases = (
				DC6B4A551DFD1B8E008E3DE1 /* Sources */,
				DC6B4A561DFD1B8E008E3DE1 /* Frameworks */,
				DC6B4A571DFD1B8E008E3DE1 /* Resources */,
			);
			buildRules = (
			);
			dependencies = (
			);
			name = BasicTableViewDatasource;
			productName = BasicTableViewDatasource;
			productReference = DC6B4A591DFD1B8E008E3DE1 /* BasicTableViewDatasource.app */;
			productType = "com.apple.product-type.application";
		};
/* End PBXNativeTarget section */

/* Begin PBXProject section */
		DC6B4A511DFD1B8E008E3DE1 /* Project object */ = {
			isa = PBXProject;
			attributes = {
				LastSwiftUpdateCheck = 0810;
				LastUpgradeCheck = 0810;
				ORGANIZATIONNAME = "Vishal Singh";
				TargetAttributes = {
					DC6B4A581DFD1B8E008E3DE1 = {
						CreatedOnToolsVersion = 8.1;
						DevelopmentTeam = RLNA7ZSN7E;
						ProvisioningStyle = Automatic;
					};
				};
			};
			buildConfigurationList = DC6B4A541DFD1B8E008E3DE1 /* Build configuration list for PBXProject "BasicTableViewDatasource" */;
			compatibilityVersion = "Xcode 3.2";
			developmentRegion = English;
			hasScannedForEncodings = 0;
			knownRegions = (
				en,
				Base,
			);
			mainGroup = DC6B4A501DFD1B8E008E3DE1;
			productRefGroup = DC6B4A5A1DFD1B8E008E3DE1 /* Products */;
			projectDirPath = "";
			projectRoot = "";
			targets = (
				DC6B4A581DFD1B8E008E3DE1 /* BasicTableViewDatasource */,
			);
		};
/* End PBXProject section */

/* Begin PBXResourcesBuildPhase section */
		DC6B4A571DFD1B8E008E3DE1 /* Resources */ = {
			isa = PBXResourcesBuildPhase;
			buildActionMask = 2147483647;
			files = (
				DCB7FA0B1DFEF3720073F18F /* .gitignore in Resources */,
				DC6B4A671DFD1B8E008E3DE1 /* LaunchScreen.storyboard in Resources */,
				DC6B4A731DFD282F008E3DE1 /* ThreeLabelTableViewCell.xib in Resources */,
				DC6B4A641DFD1B8E008E3DE1 /* Assets.xcassets in Resources */,
				DC6B4A621DFD1B8E008E3DE1 /* Main.storyboard in Resources */,
			);
			runOnlyForDeploymentPostprocessing = 0;
		};
/* End PBXResourcesBuildPhase section */

/* Begin PBXSourcesBuildPhase section */
		DC6B4A551DFD1B8E008E3DE1 /* Sources */ = {
			isa = PBXSourcesBuildPhase;
			buildActionMask = 2147483647;
			files = (
				DC6B4A6F1DFD1BA4008E3DE1 /* TableViewHandler.swift in Sources */,
				DC6B4A721DFD282F008E3DE1 /* ThreeLabelTableViewCell.swift in Sources */,
				DC6B4A5F1DFD1B8E008E3DE1 /* ViewController.swift in Sources */,
				DCB7FA031DFEB2BB0073F18F /* Utilities.swift in Sources */,
				DCB7FA071DFEB3250073F18F /* Person.swift in Sources */,
				DC6B4A5D1DFD1B8E008E3DE1 /* AppDelegate.swift in Sources */,
				DCB7FA051DFEB2E20073F18F /* Decorators.swift in Sources */,
			);
			runOnlyForDeploymentPostprocessing = 0;
		};
/* End PBXSourcesBuildPhase section */

/* Begin PBXVariantGroup section */
		DC6B4A601DFD1B8E008E3DE1 /* Main.storyboard */ = {
			isa = PBXVariantGroup;
			children = (
				DC6B4A611DFD1B8E008E3DE1 /* Base */,
			);
			name = Main.storyboard;
			sourceTree = "<group>";
		};
		DC6B4A651DFD1B8E008E3DE1 /* LaunchScreen.storyboard */ = {
			isa = PBXVariantGroup;
			children = (
				DC6B4A661DFD1B8E008E3DE1 /* Base */,
			);
			name = LaunchScreen.storyboard;
			sourceTree = "<group>";
		};
/* End PBXVariantGroup section */

/* Begin XCBuildConfiguration section */
		DC6B4A691DFD1B8E008E3DE1 /* Debug */ = {
			isa = XCBuildConfiguration;
			buildSettings = {
				ALWAYS_SEARCH_USER_PATHS = NO;
				CLANG_ANALYZER_NONNULL = YES;
				CLANG_CXX_LANGUAGE_STANDARD = "gnu++0x";
				CLANG_CXX_LIBRARY = "libc++";
				CLANG_ENABLE_MODULES = YES;
				CLANG_ENABLE_OBJC_ARC = YES;
				CLANG_WARN_BOOL_CONVERSION = YES;
				CLANG_WARN_CONSTANT_CONVERSION = YES;
				CLANG_WARN_DIRECT_OBJC_ISA_USAGE = YES_ERROR;
				CLANG_WARN_DOCUMENTATION_COMMENTS = YES;
				CLANG_WARN_EMPTY_BODY = YES;
				CLANG_WARN_ENUM_CONVERSION = YES;
				CLANG_WARN_INFINITE_RECURSION = YES;
				CLANG_WARN_INT_CONVERSION = YES;
				CLANG_WARN_OBJC_ROOT_CLASS = YES_ERROR;
				CLANG_WARN_SUSPICIOUS_MOVES = YES;
				CLANG_WARN_UNREACHABLE_CODE = YES;
				CLANG_WARN__DUPLICATE_METHOD_MATCH = YES;
				"CODE_SIGN_IDENTITY[sdk=iphoneos*]" = "iPhone Developer";
				COPY_PHASE_STRIP = NO;
				DEBUG_INFORMATION_FORMAT = dwarf;
				ENABLE_STRICT_OBJC_MSGSEND = YES;
				ENABLE_TESTABILITY = YES;
				GCC_C_LANGUAGE_STANDARD = gnu99;
				GCC_DYNAMIC_NO_PIC = NO;
				GCC_NO_COMMON_BLOCKS = YES;
				GCC_OPTIMIZATION_LEVEL = 0;
				GCC_PREPROCESSOR_DEFINITIONS = (
					"DEBUG=1",
					"$(inherited)",
				);
				GCC_WARN_64_TO_32_BIT_CONVERSION = YES;
				GCC_WARN_ABOUT_RETURN_TYPE = YES_ERROR;
				GCC_WARN_UNDECLARED_SELECTOR = YES;
				GCC_WARN_UNINITIALIZED_AUTOS = YES_AGGRESSIVE;
				GCC_WARN_UNUSED_FUNCTION = YES;
				GCC_WARN_UNUSED_VARIABLE = YES;
				IPHONEOS_DEPLOYMENT_TARGET = 10.1;
				MTL_ENABLE_DEBUG_INFO = YES;
				ONLY_ACTIVE_ARCH = YES;
				SDKROOT = iphoneos;
				SWIFT_ACTIVE_COMPILATION_CONDITIONS = DEBUG;
				SWIFT_OPTIMIZATION_LEVEL = "-Onone";
			};
			name = Debug;
		};
		DC6B4A6A1DFD1B8E008E3DE1 /* Release */ = {
			isa = XCBuildConfiguration;
			buildSettings = {
				ALWAYS_SEARCH_USER_PATHS = NO;
				CLANG_ANALYZER_NONNULL = YES;
				CLANG_CXX_LANGUAGE_STANDARD = "gnu++0x";
				CLANG_CXX_LIBRARY = "libc++";
				CLANG_ENABLE_MODULES = YES;
				CLANG_ENABLE_OBJC_ARC = YES;
				CLANG_WARN_BOOL_CONVERSION = YES;
				CLANG_WARN_CONSTANT_CONVERSION = YES;
				CLANG_WARN_DIRECT_OBJC_ISA_USAGE = YES_ERROR;
				CLANG_WARN_DOCUMENTATION_COMMENTS = YES;
				CLANG_WARN_EMPTY_BODY = YES;
				CLANG_WARN_ENUM_CONVERSION = YES;
				CLANG_WARN_INFINITE_RECURSION = YES;
				CLANG_WARN_INT_CONVERSION = YES;
				CLANG_WARN_OBJC_ROOT_CLASS = YES_ERROR;
				CLANG_WARN_SUSPICIOUS_MOVES = YES;
				CLANG_WARN_UNREACHABLE_CODE = YES;
				CLANG_WARN__DUPLICATE_METHOD_MATCH = YES;
				"CODE_SIGN_IDENTITY[sdk=iphoneos*]" = "iPhone Developer";
				COPY_PHASE_STRIP = NO;
				DEBUG_INFORMATION_FORMAT = "dwarf-with-dsym";
				ENABLE_NS_ASSERTIONS = NO;
				ENABLE_STRICT_OBJC_MSGSEND = YES;
				GCC_C_LANGUAGE_STANDARD = gnu99;
				GCC_NO_COMMON_BLOCKS = YES;
				GCC_WARN_64_TO_32_BIT_CONVERSION = YES;
				GCC_WARN_ABOUT_RETURN_TYPE = YES_ERROR;
				GCC_WARN_UNDECLARED_SELECTOR = YES;
				GCC_WARN_UNINITIALIZED_AUTOS = YES_AGGRESSIVE;
				GCC_WARN_UNUSED_FUNCTION = YES;
				GCC_WARN_UNUSED_VARIABLE = YES;
				IPHONEOS_DEPLOYMENT_TARGET = 10.1;
				MTL_ENABLE_DEBUG_INFO = NO;
				SDKROOT = iphoneos;
				SWIFT_OPTIMIZATION_LEVEL = "-Owholemodule";
				VALIDATE_PRODUCT = YES;
			};
			name = Release;
		};
		DC6B4A6C1DFD1B8E008E3DE1 /* Debug */ = {
			isa = XCBuildConfiguration;
			buildSettings = {
				ASSETCATALOG_COMPILER_APPICON_NAME = AppIcon;
				DEVELOPMENT_TEAM = RLNA7ZSN7E;
				INFOPLIST_FILE = BasicTableViewDatasource/Info.plist;
				LD_RUNPATH_SEARCH_PATHS = "$(inherited) @executable_path/Frameworks";
				PRODUCT_BUNDLE_IDENTIFIER = com.vishal.BasicTableViewDatasource;
				PRODUCT_NAME = "$(TARGET_NAME)";
				SWIFT_VERSION = 3.0;
			};
			name = Debug;
		};
		DC6B4A6D1DFD1B8E008E3DE1 /* Release */ = {
			isa = XCBuildConfiguration;
			buildSettings = {
				ASSETCATALOG_COMPILER_APPICON_NAME = AppIcon;
				DEVELOPMENT_TEAM = RLNA7ZSN7E;
				INFOPLIST_FILE = BasicTableViewDatasource/Info.plist;
				LD_RUNPATH_SEARCH_PATHS = "$(inherited) @executable_path/Frameworks";
				PRODUCT_BUNDLE_IDENTIFIER = com.vishal.BasicTableViewDatasource;
				PRODUCT_NAME = "$(TARGET_NAME)";
				SWIFT_VERSION = 3.0;
			};
			name = Release;
		};
/* End XCBuildConfiguration section */

/* Begin XCConfigurationList section */
		DC6B4A541DFD1B8E008E3DE1 /* Build configuration list for PBXProject "BasicTableViewDatasource" */ = {
			isa = XCConfigurationList;
			buildConfigurations = (
				DC6B4A691DFD1B8E008E3DE1 /* Debug */,
				DC6B4A6A1DFD1B8E008E3DE1 /* Release */,
			);
			defaultConfigurationIsVisible = 0;
			defaultConfigurationName = Release;
		};
		DC6B4A6B1DFD1B8E008E3DE1 /* Build configuration list for PBXNativeTarget "BasicTableViewDatasource" */ = {
			isa = XCConfigurationList;
			buildConfigurations = (
				DC6B4A6C1DFD1B8E008E3DE1 /* Debug */,
				DC6B4A6D1DFD1B8E008E3DE1 /* Release */,
			);
			defaultConfigurationIsVisible = 0;
			defaultConfigurationName = Release;
		};
/* End XCConfigurationList section */
	};
	rootObject = DC6B4A511DFD1B8E008E3DE1 /* Project object */;
}
